
Microsoft Visual Studio Solution File, Format Version 12.00
Project("{FAE04EC0-301F-11D3-BF4B-00C04F79EFBC}") = "Basic", "Basic\Basic.csproj", "{2C267CE6-6506-4B7F-B15E-0361886F305C}"
EndProject
Project("{FAE04EC0-301F-11D3-BF4B-00C04F79EFBC}") = "Basic.GUI", "Basic.GUI\Basic.GUI.csproj", "{7BA53161-0285-4764-9AD7-9BC6852A956C}"
EndProject
Project("{FAE04EC0-301F-11D3-BF4B-00C04F79EFBC}") = "Basic.CLI", "Basic.CLI\Basic.CLI.csproj", "{C23A580A-05F2-43D8-A302-C68F3854AA21}"
EndProject
Global
	GlobalSection(SolutionConfigurationPlatforms) = preSolution
		Debug|Any CPU = Debug|Any CPU
		Release|Any CPU = Release|Any CPU
	EndGlobalSection
	GlobalSection(ProjectConfigurationPlatforms) = postSolution
		{2C267CE6-6506-4B7F-B15E-0361886F305C}.Debug|Any CPU.ActiveCfg = Debug|Any CPU
		{2C267CE6-6506-4B7F-B15E-0361886F305C}.Debug|Any CPU.Build.0 = Debug|Any CPU
		{2C267CE6-6506-4B7F-B15E-0361886F305C}.Release|Any CPU.ActiveCfg = Release|Any CPU
		{2C267CE6-6506-4B7F-B15E-0361886F305C}.Release|Any CPU.Build.0 = Release|Any CPU
		{7BA53161-0285-4764-9AD7-9BC6852A956C}.Debug|Any CPU.ActiveCfg = Debug|Any CPU
		{7BA53161-0285-4764-9AD7-9BC6852A956C}.Debug|Any CPU.Build.0 = Debug|Any CPU
		{7BA53161-0285-4764-9AD7-9BC6852A956C}.Release|Any CPU.ActiveCfg = Release|Any CPU
		{7BA53161-0285-4764-9AD7-9BC6852A956C}.Release|Any CPU.Build.0 = Release|Any CPU
		{C23A580A-05F2-43D8-A302-C68F3854AA21}.Debug|Any CPU.ActiveCfg = Debug|Any CPU
		{C23A580A-05F2-43D8-A302-C68F3854AA21}.Debug|Any CPU.Build.0 = Debug|Any CPU
		{C23A580A-05F2-43D8-A302-C68F3854AA21}.Release|Any CPU.ActiveCfg = Release|Any CPU
		{C23A580A-05F2-43D8-A302-C68F3854AA21}.Release|Any CPU.Build.0 = Release|Any CPU
	EndGlobalSection
EndGlobal
